
Microsoft Visual Studio Solution File, Format Version 12.00
# Visual Studio Express 2013 for Web
VisualStudioVersion = 12.0.31101.0
MinimumVisualStudioVersion = 10.0.40219.1
Project("{FAE04EC0-301F-11D3-BF4B-00C04F79EFBC}") = "CoisaBonita", "CoisaBonita\CoisaBonita.csproj", "{92FBAE9D-3D8D-4AB4-8CB4-BB5DEE9377EF}"
EndProject
Project("{FAE04EC0-301F-11D3-BF4B-00C04F79EFBC}") = "UnitTestProject1", "UnitTestProject1\UnitTestProject1.csproj", "{4347AF43-F3CD-4EE8-B0AE-2D8419B6E8EE}"
EndProject
Global
	GlobalSection(SolutionConfigurationPlatforms) = preSolution
		Debug|Any CPU = Debug|Any CPU
		Release|Any CPU = Release|Any CPU
	EndGlobalSection
	GlobalSection(ProjectConfigurationPlatforms) = postSolution
		{92FBAE9D-3D8D-4AB4-8CB4-BB5DEE9377EF}.Debug|Any CPU.ActiveCfg = Debug|Any CPU
		{92FBAE9D-3D8D-4AB4-8CB4-BB5DEE9377EF}.Debug|Any CPU.Build.0 = Debug|Any CPU
		{92FBAE9D-3D8D-4AB4-8CB4-BB5DEE9377EF}.Release|Any CPU.ActiveCfg = Release|Any CPU
		{92FBAE9D-3D8D-4AB4-8CB4-BB5DEE9377EF}.Release|Any CPU.Build.0 = Release|Any CPU
		{4347AF43-F3CD-4EE8-B0AE-2D8419B6E8EE}.Debug|Any CPU.ActiveCfg = Debug|Any CPU
		{4347AF43-F3CD-4EE8-B0AE-2D8419B6E8EE}.Debug|Any CPU.Build.0 = Debug|Any CPU
		{4347AF43-F3CD-4EE8-B0AE-2D8419B6E8EE}.Release|Any CPU.ActiveCfg = Release|Any CPU
		{4347AF43-F3CD-4EE8-B0AE-2D8419B6E8EE}.Release|Any CPU.Build.0 = Release|Any CPU
	EndGlobalSection
	GlobalSection(SolutionProperties) = preSolution
		HideSolutionNode = FALSE
	EndGlobalSection
EndGlobal
